
Microsoft Visual Studio Solution File, Format Version 12.00
# Visual Studio Version 16
VisualStudioVersion = 16.0.30907.101
MinimumVisualStudioVersion = 10.0.40219.1
Project("{FAE04EC0-301F-11D3-BF4B-00C04F79EFBC}") = "WorkerProject", "WorkerProject\WorkerProject.csproj", "{B392A7FD-074F-4414-9038-954D53EED69C}"
EndProject
Global
	GlobalSection(SolutionConfigurationPlatforms) = preSolution
		Debug|Any CPU = Debug|Any CPU
		Release|Any CPU = Release|Any CPU
	EndGlobalSection
	GlobalSection(ProjectConfigurationPlatforms) = postSolution
		{B392A7FD-074F-4414-9038-954D53EED69C}.Debug|Any CPU.ActiveCfg = Debug|Any CPU
		{B392A7FD-074F-4414-9038-954D53EED69C}.Debug|Any CPU.Build.0 = Debug|Any CPU
		{B392A7FD-074F-4414-9038-954D53EED69C}.Release|Any CPU.ActiveCfg = Release|Any CPU
		{B392A7FD-074F-4414-9038-954D53EED69C}.Release|Any CPU.Build.0 = Release|Any CPU
	EndGlobalSection
	GlobalSection(SolutionProperties) = preSolution
		HideSolutionNode = FALSE
	EndGlobalSection
	GlobalSection(ExtensibilityGlobals) = postSolution
		SolutionGuid = {9BD892C0-24DE-4121-A27C-19EE9EA85D6C}
	EndGlobalSection
EndGlobal
