
Microsoft Visual Studio Solution File, Format Version 12.00
# Visual Studio Version 16
VisualStudioVersion = 16.0.31005.135
MinimumVisualStudioVersion = 10.0.40219.1
Project("{FAE04EC0-301F-11D3-BF4B-00C04F79EFBC}") = "EmployeeSystemLinq", "EmployeeSystemLinq\EmployeeSystemLinq.csproj", "{3E095034-0224-4DB7-9164-7F5477C2CD0E}"
EndProject
Global
	GlobalSection(SolutionConfigurationPlatforms) = preSolution
		Debug|Any CPU = Debug|Any CPU
		Release|Any CPU = Release|Any CPU
	EndGlobalSection
	GlobalSection(ProjectConfigurationPlatforms) = postSolution
		{3E095034-0224-4DB7-9164-7F5477C2CD0E}.Debug|Any CPU.ActiveCfg = Debug|Any CPU
		{3E095034-0224-4DB7-9164-7F5477C2CD0E}.Debug|Any CPU.Build.0 = Debug|Any CPU
		{3E095034-0224-4DB7-9164-7F5477C2CD0E}.Release|Any CPU.ActiveCfg = Release|Any CPU
		{3E095034-0224-4DB7-9164-7F5477C2CD0E}.Release|Any CPU.Build.0 = Release|Any CPU
	EndGlobalSection
	GlobalSection(SolutionProperties) = preSolution
		HideSolutionNode = FALSE
	EndGlobalSection
	GlobalSection(ExtensibilityGlobals) = postSolution
		SolutionGuid = {7588A82F-CDA3-4651-B7E3-F6A746936852}
	EndGlobalSection
EndGlobal
